{
  "name": "task3",
  "version": "1.0.0",
  "lockfileVersion": 2,
  "requires": true,
  "packages": {
    "": {
      "name": "task3",
      "version": "1.0.0",
      "license": "ISC",
      "dependencies": {
        "console-table-printer": "^2.11.2",
        "process.argv": "^0.6.1",
        "prompt-sync": "^4.2.0",
        "random-js": "^2.1.0",
        "random.js": "^0.1.0",
        "readline-sync": "^1.4.10"
      },
      "devDependencies": {
        "typescript": "^5.1.6"
      }
    },
    "node_modules/ansi-regex": {
      "version": "4.1.1",
      "resolved": "https://registry.npmjs.org/ansi-regex/-/ansi-regex-4.1.1.tgz",
      "integrity": "sha512-ILlv4k/3f6vfQ4OoP2AGvirOktlQ98ZEL1k9FaQjxa3L1abBgbuTDAdPOpvbGncC0BTVQrl+OM8xZGK6tWXt7g==",
      "engines": {
        "node": ">=6"
      }
    },
    "node_modules/console-table-printer": {
      "version": "2.11.2",
      "resolved": "https://registry.npmjs.org/console-table-printer/-/console-table-printer-2.11.2.tgz",
      "integrity": "sha512-uuUHie0sfPP542TKGzPFal0W1wo1beuKAqIZdaavcONx8OoqdnJRKjkinbRTOta4FaCa1RcIL+7mMJWX3pQGVg==",
      "dependencies": {
        "simple-wcswidth": "^1.0.1"
      }
    },
    "node_modules/obop": {
      "version": "0.2.3",
      "resolved": "https://registry.npmjs.org/obop/-/obop-0.2.3.tgz",
      "integrity": "sha512-xmaHk+pwv4T6QKoq553KeJlkZUV6WBVGU/dO7rppA7YFIvGf+xB1OQAkw8mcORtxtSHpiK5JiTQ+d7Bme/Y7Wg=="
    },
    "node_modules/process.argv": {
      "version": "0.6.1",
      "resolved": "https://registry.npmjs.org/process.argv/-/process.argv-0.6.1.tgz",
      "integrity": "sha512-WQOWF/VB0pTJu7c3ko0y5w6HWDQf6Wm3ppvKDI7ET4OSYBDOvcliBRM1HFIHHkJPNa/1bYTzmUinjF8492oaBg==",
      "dependencies": {
        "obop": "^0.2.2"
      }
    },
    "node_modules/prompt-sync": {
      "version": "4.2.0",
      "resolved": "https://registry.npmjs.org/prompt-sync/-/prompt-sync-4.2.0.tgz",
      "integrity": "sha512-BuEzzc5zptP5LsgV5MZETjDaKSWfchl5U9Luiu8SKp7iZWD5tZalOxvNcZRwv+d2phNFr8xlbxmFNcRKfJOzJw==",
      "dependencies": {
        "strip-ansi": "^5.0.0"
      }
    },
    "node_modules/random-js": {
      "version": "2.1.0",
      "resolved": "https://registry.npmjs.org/random-js/-/random-js-2.1.0.tgz",
      "integrity": "sha512-CRUyWmnzmZBA7RZSVGq0xMqmgCyPPxbiKNLFA5ud7KenojVX2s7Gv+V7eB52beKTPGxWRnVZ7D/tCIgYJJ8vNQ=="
    },
    "node_modules/random.js": {
      "version": "0.1.0",
      "resolved": "https://registry.npmjs.org/random.js/-/random.js-0.1.0.tgz",
      "integrity": "sha512-wb7ljwqYCOp62CMmFvys+wSnWat2YyxYZGDGmcInUCYAz1P24bFFD4LH7WdpixtTxcM6w0vJv+MKcDnP89CLTw=="
    },
    "node_modules/readline-sync": {
      "version": "1.4.10",
      "resolved": "https://registry.npmjs.org/readline-sync/-/readline-sync-1.4.10.tgz",
      "integrity": "sha512-gNva8/6UAe8QYepIQH/jQ2qn91Qj0B9sYjMBBs3QOB8F2CXcKgLxQaJRP76sWVRQt+QU+8fAkCbCvjjMFu7Ycw==",
      "engines": {
        "node": ">= 0.8.0"
      }
    },
    "node_modules/simple-wcswidth": {
      "version": "1.0.1",
      "resolved": "https://registry.npmjs.org/simple-wcswidth/-/simple-wcswidth-1.0.1.tgz",
      "integrity": "sha512-xMO/8eNREtaROt7tJvWJqHBDTMFN4eiQ5I4JRMuilwfnFcV5W9u7RUkueNkdw0jPqGMX36iCywelS5yilTuOxg=="
    },
    "node_modules/strip-ansi": {
      "version": "5.2.0",
      "resolved": "https://registry.npmjs.org/strip-ansi/-/strip-ansi-5.2.0.tgz",
      "integrity": "sha512-DuRs1gKbBqsMKIZlrffwlug8MHkcnpjs5VPmL1PAh+mA30U0DTotfDZ0d2UUsXpPmPmMMJ6W773MaA3J+lbiWA==",
      "dependencies": {
        "ansi-regex": "^4.1.0"
      },
      "engines": {
        "node": ">=6"
      }
    },
    "node_modules/typescript": {
      "version": "5.1.6",
      "resolved": "https://registry.npmjs.org/typescript/-/typescript-5.1.6.tgz",
      "integrity": "sha512-zaWCozRZ6DLEWAWFrVDz1H6FVXzUSfTy5FUMWsQlU8Ym5JP9eO4xkTIROFCQvhQf61z6O/G6ugw3SgAnvvm+HA==",
      "dev": true,
      "bin": {
        "tsc": "bin/tsc",
        "tsserver": "bin/tsserver"
      },
      "engines": {
        "node": ">=14.17"
      }
    }
  },
  "dependencies": {
    "ansi-regex": {
      "version": "4.1.1",
      "resolved": "https://registry.npmjs.org/ansi-regex/-/ansi-regex-4.1.1.tgz",
      "integrity": "sha512-ILlv4k/3f6vfQ4OoP2AGvirOktlQ98ZEL1k9FaQjxa3L1abBgbuTDAdPOpvbGncC0BTVQrl+OM8xZGK6tWXt7g=="
    },
    "console-table-printer": {
      "version": "2.11.2",
      "resolved": "https://registry.npmjs.org/console-table-printer/-/console-table-printer-2.11.2.tgz",
      "integrity": "sha512-uuUHie0sfPP542TKGzPFal0W1wo1beuKAqIZdaavcONx8OoqdnJRKjkinbRTOta4FaCa1RcIL+7mMJWX3pQGVg==",
      "requires": {
        "simple-wcswidth": "^1.0.1"
      }
    },
    "obop": {
      "version": "0.2.3",
      "resolved": "https://registry.npmjs.org/obop/-/obop-0.2.3.tgz",
      "integrity": "sha512-xmaHk+pwv4T6QKoq553KeJlkZUV6WBVGU/dO7rppA7YFIvGf+xB1OQAkw8mcORtxtSHpiK5JiTQ+d7Bme/Y7Wg=="
    },
    "process.argv": {
      "version": "0.6.1",
      "resolved": "https://registry.npmjs.org/process.argv/-/process.argv-0.6.1.tgz",
      "integrity": "sha512-WQOWF/VB0pTJu7c3ko0y5w6HWDQf6Wm3ppvKDI7ET4OSYBDOvcliBRM1HFIHHkJPNa/1bYTzmUinjF8492oaBg==",
      "requires": {
        "obop": "^0.2.2"
      }
    },
    "prompt-sync": {
      "version": "4.2.0",
      "resolved": "https://registry.npmjs.org/prompt-sync/-/prompt-sync-4.2.0.tgz",
      "integrity": "sha512-BuEzzc5zptP5LsgV5MZETjDaKSWfchl5U9Luiu8SKp7iZWD5tZalOxvNcZRwv+d2phNFr8xlbxmFNcRKfJOzJw==",
      "requires": {
        "strip-ansi": "^5.0.0"
      }
    },
    "random-js": {
      "version": "2.1.0",
      "resolved": "https://registry.npmjs.org/random-js/-/random-js-2.1.0.tgz",
      "integrity": "sha512-CRUyWmnzmZBA7RZSVGq0xMqmgCyPPxbiKNLFA5ud7KenojVX2s7Gv+V7eB52beKTPGxWRnVZ7D/tCIgYJJ8vNQ=="
    },
    "random.js": {
      "version": "0.1.0",
      "resolved": "https://registry.npmjs.org/random.js/-/random.js-0.1.0.tgz",
      "integrity": "sha512-wb7ljwqYCOp62CMmFvys+wSnWat2YyxYZGDGmcInUCYAz1P24bFFD4LH7WdpixtTxcM6w0vJv+MKcDnP89CLTw=="
    },
    "readline-sync": {
      "version": "1.4.10",
      "resolved": "https://registry.npmjs.org/readline-sync/-/readline-sync-1.4.10.tgz",
      "integrity": "sha512-gNva8/6UAe8QYepIQH/jQ2qn91Qj0B9sYjMBBs3QOB8F2CXcKgLxQaJRP76sWVRQt+QU+8fAkCbCvjjMFu7Ycw=="
    },
    "simple-wcswidth": {
      "version": "1.0.1",
      "resolved": "https://registry.npmjs.org/simple-wcswidth/-/simple-wcswidth-1.0.1.tgz",
      "integrity": "sha512-xMO/8eNREtaROt7tJvWJqHBDTMFN4eiQ5I4JRMuilwfnFcV5W9u7RUkueNkdw0jPqGMX36iCywelS5yilTuOxg=="
    },
    "strip-ansi": {
      "version": "5.2.0",
      "resolved": "https://registry.npmjs.org/strip-ansi/-/strip-ansi-5.2.0.tgz",
      "integrity": "sha512-DuRs1gKbBqsMKIZlrffwlug8MHkcnpjs5VPmL1PAh+mA30U0DTotfDZ0d2UUsXpPmPmMMJ6W773MaA3J+lbiWA==",
      "requires": {
        "ansi-regex": "^4.1.0"
      }
    },
    "typescript": {
      "version": "5.1.6",
      "resolved": "https://registry.npmjs.org/typescript/-/typescript-5.1.6.tgz",
      "integrity": "sha512-zaWCozRZ6DLEWAWFrVDz1H6FVXzUSfTy5FUMWsQlU8Ym5JP9eO4xkTIROFCQvhQf61z6O/G6ugw3SgAnvvm+HA==",
      "dev": true
    }
  }
}
